
Microsoft Visual Studio Solution File, Format Version 12.00
# Visual Studio Version 17
VisualStudioVersion = 17.2.32616.157
MinimumVisualStudioVersion = 10.0.40219.1
Project("{9A19103F-16F7-4668-BE54-9A1E7A4F7556}") = "Blog.Web", "Blog.Web\Blog.Web.csproj", "{40DB408E-E0C9-4DC4-B3A3-A1C956F87FF4}"
EndProject
Project("{FAE04EC0-301F-11D3-BF4B-00C04F79EFBC}") = "Blog.Core", "Blog.Core\Blog.Core.csproj", "{5F2959C9-7267-40EE-95C8-C02231BD13A1}"
EndProject
Project("{FAE04EC0-301F-11D3-BF4B-00C04F79EFBC}") = "Blog.Infrastructure", "Blog.Infrastructure\Blog.Infrastructure.csproj", "{95B702F6-BECC-4A7A-94AF-69A38AAB6E92}"
EndProject
Global
	GlobalSection(SolutionConfigurationPlatforms) = preSolution
		Debug|Any CPU = Debug|Any CPU
		Release|Any CPU = Release|Any CPU
	EndGlobalSection
	GlobalSection(ProjectConfigurationPlatforms) = postSolution
		{40DB408E-E0C9-4DC4-B3A3-A1C956F87FF4}.Debug|Any CPU.ActiveCfg = Debug|Any CPU
		{40DB408E-E0C9-4DC4-B3A3-A1C956F87FF4}.Debug|Any CPU.Build.0 = Debug|Any CPU
		{40DB408E-E0C9-4DC4-B3A3-A1C956F87FF4}.Release|Any CPU.ActiveCfg = Release|Any CPU
		{40DB408E-E0C9-4DC4-B3A3-A1C956F87FF4}.Release|Any CPU.Build.0 = Release|Any CPU
		{5F2959C9-7267-40EE-95C8-C02231BD13A1}.Debug|Any CPU.ActiveCfg = Debug|Any CPU
		{5F2959C9-7267-40EE-95C8-C02231BD13A1}.Debug|Any CPU.Build.0 = Debug|Any CPU
		{5F2959C9-7267-40EE-95C8-C02231BD13A1}.Release|Any CPU.ActiveCfg = Release|Any CPU
		{5F2959C9-7267-40EE-95C8-C02231BD13A1}.Release|Any CPU.Build.0 = Release|Any CPU
		{95B702F6-BECC-4A7A-94AF-69A38AAB6E92}.Debug|Any CPU.ActiveCfg = Debug|Any CPU
		{95B702F6-BECC-4A7A-94AF-69A38AAB6E92}.Debug|Any CPU.Build.0 = Debug|Any CPU
		{95B702F6-BECC-4A7A-94AF-69A38AAB6E92}.Release|Any CPU.ActiveCfg = Release|Any CPU
		{95B702F6-BECC-4A7A-94AF-69A38AAB6E92}.Release|Any CPU.Build.0 = Release|Any CPU
	EndGlobalSection
	GlobalSection(SolutionProperties) = preSolution
		HideSolutionNode = FALSE
	EndGlobalSection
	GlobalSection(ExtensibilityGlobals) = postSolution
		SolutionGuid = {980C179D-ABAC-4A69-8C79-E56DD0345074}
	EndGlobalSection
EndGlobal
